// !$*UTF8*$!
{
	archiveVersion = 1;
	classes = {
	};
	objectVersion = 77;
	objects = {

/* Begin PBXBuildFile section */
		5C4779DB2D5F97A30007A869 /* FaceTest Watch App.app in Embed Watch Content */ = {isa = PBXBuildFile; fileRef = 5C4779DA2D5F97A30007A869 /* FaceTest Watch App.app */; settings = {ATTRIBUTES = (RemoveHeadersOnCopy, ); }; };
		5C9F7BE92D5FE88D0084C998 /* ReadMe.md in Resources */ = {isa = PBXBuildFile; fileRef = 5C9F7BE72D5FE8850084C998 /* ReadMe.md */; };
/* End PBXBuildFile section */

/* Begin PBXContainerItemProxy section */
		5C4779DC2D5F97A30007A869 /* PBXContainerItemProxy */ = {
			isa = PBXContainerItemProxy;
			containerPortal = 5C4779CE2D5F97A30007A869 /* Project object */;
			proxyType = 1;
			remoteGlobalIDString = 5C4779D92D5F97A30007A869;
			remoteInfo = "FaceTest Watch App";
		};
		5C4779ED2D5F97A40007A869 /* PBXContainerItemProxy */ = {
			isa = PBXContainerItemProxy;
			containerPortal = 5C4779CE2D5F97A30007A869 /* Project object */;
			proxyType = 1;
			remoteGlobalIDString = 5C4779D92D5F97A30007A869;
			remoteInfo = "FaceTest Watch App";
		};
		5C4779F72D5F97A40007A869 /* PBXContainerItemProxy */ = {
			isa = PBXContainerItemProxy;
			containerPortal = 5C4779CE2D5F97A30007A869 /* Project object */;
			proxyType = 1;
			remoteGlobalIDString = 5C4779D92D5F97A30007A869;
			remoteInfo = "FaceTest Watch App";
		};
/* End PBXContainerItemProxy section */

/* Begin PBXCopyFilesBuildPhase section */
		5C477A032D5F97A40007A869 /* Embed Watch Content */ = {
			isa = PBXCopyFilesBuildPhase;
			buildActionMask = 2147483647;
			dstPath = "$(CONTENTS_FOLDER_PATH)/Watch";
			dstSubfolderSpec = 16;
			files = (
				5C4779DB2D5F97A30007A869 /* FaceTest Watch App.app in Embed Watch Content */,
			);
			name = "Embed Watch Content";
			runOnlyForDeploymentPostprocessing = 0;
		};
/* End PBXCopyFilesBuildPhase section */

/* Begin PBXFileReference section */
		5C4779D42D5F97A30007A869 /* FaceTest.app */ = {isa = PBXFileReference; explicitFileType = wrapper.application; includeInIndex = 0; path = FaceTest.app; sourceTree = BUILT_PRODUCTS_DIR; };
		5C4779DA2D5F97A30007A869 /* FaceTest Watch App.app */ = {isa = PBXFileReference; explicitFileType = wrapper.application; includeInIndex = 0; path = "FaceTest Watch App.app"; sourceTree = BUILT_PRODUCTS_DIR; };
		5C4779EC2D5F97A40007A869 /* FaceTest Watch AppTests.xctest */ = {isa = PBXFileReference; explicitFileType = wrapper.cfbundle; includeInIndex = 0; path = "FaceTest Watch AppTests.xctest"; sourceTree = BUILT_PRODUCTS_DIR; };
		5C4779F62D5F97A40007A869 /* FaceTest Watch AppUITests.xctest */ = {isa = PBXFileReference; explicitFileType = wrapper.cfbundle; includeInIndex = 0; path = "FaceTest Watch AppUITests.xctest"; sourceTree = BUILT_PRODUCTS_DIR; };
		5C9F7BE72D5FE8850084C998 /* ReadMe.md */ = {isa = PBXFileReference; lastKnownFileType = net.daringfireball.markdown; path = ReadMe.md; sourceTree = "<group>"; };
/* End PBXFileReference section */

/* Begin PBXFileSystemSynchronizedRootGroup section */
		5C4779DE2D5F97A30007A869 /* FaceTest Watch App */ = {
			isa = PBXFileSystemSynchronizedRootGroup;
			path = "FaceTest Watch App";
			sourceTree = "<group>";
		};
		5C4779EF2D5F97A40007A869 /* FaceTest Watch AppTests */ = {
			isa = PBXFileSystemSynchronizedRootGroup;
			path = "FaceTest Watch AppTests";
			sourceTree = "<group>";
		};
		5C4779F92D5F97A40007A869 /* FaceTest Watch AppUITests */ = {
			isa = PBXFileSystemSynchronizedRootGroup;
			path = "FaceTest Watch AppUITests";
			sourceTree = "<group>";
		};
/* End PBXFileSystemSynchronizedRootGroup section */

/* Begin PBXFrameworksBuildPhase section */
		5C4779D72D5F97A30007A869 /* Frameworks */ = {
			isa = PBXFrameworksBuildPhase;
			buildActionMask = 2147483647;
			files = (
			);
			runOnlyForDeploymentPostprocessing = 0;
		};
		5C4779E92D5F97A40007A869 /* Frameworks */ = {
			isa = PBXFrameworksBuildPhase;
			buildActionMask = 2147483647;
			files = (
			);
			runOnlyForDeploymentPostprocessing = 0;
		};
		5C4779F32D5F97A40007A869 /* Frameworks */ = {
			isa = PBXFrameworksBuildPhase;
			buildActionMask = 2147483647;
			files = (
			);
			runOnlyForDeploymentPostprocessing = 0;
		};
/* End PBXFrameworksBuildPhase section */

/* Begin PBXGroup section */
		5C4779CD2D5F97A30007A869 = {
			isa = PBXGroup;
			children = (
				5C9F7BE72D5FE8850084C998 /* ReadMe.md */,
				5C4779DE2D5F97A30007A869 /* FaceTest Watch App */,
				5C4779EF2D5F97A40007A869 /* FaceTest Watch AppTests */,
				5C4779F92D5F97A40007A869 /* FaceTest Watch AppUITests */,
				5C4779D52D5F97A30007A869 /* Products */,
			);
			sourceTree = "<group>";
		};
		5C4779D52D5F97A30007A869 /* Products */ = {
			isa = PBXGroup;
			children = (
				5C4779D42D5F97A30007A869 /* FaceTest.app */,
				5C4779DA2D5F97A30007A869 /* FaceTest Watch App.app */,
				5C4779EC2D5F97A40007A869 /* FaceTest Watch AppTests.xctest */,
				5C4779F62D5F97A40007A869 /* FaceTest Watch AppUITests.xctest */,
			);
			name = Products;
			sourceTree = "<group>";
		};
/* End PBXGroup section */

/* Begin PBXNativeTarget section */
		5C4779D32D5F97A30007A869 /* FaceTest */ = {
			isa = PBXNativeTarget;
			buildConfigurationList = 5C477A042D5F97A40007A869 /* Build configuration list for PBXNativeTarget "FaceTest" */;
			buildPhases = (
				5C4779D22D5F97A30007A869 /* Resources */,
				5C477A032D5F97A40007A869 /* Embed Watch Content */,
			);
			buildRules = (
			);
			dependencies = (
				5C4779DD2D5F97A30007A869 /* PBXTargetDependency */,
			);
			name = FaceTest;
			packageProductDependencies = (
			);
			productName = FaceTest;
			productReference = 5C4779D42D5F97A30007A869 /* FaceTest.app */;
			productType = "com.apple.product-type.application.watchapp2-container";
		};
		5C4779D92D5F97A30007A869 /* FaceTest Watch App */ = {
			isa = PBXNativeTarget;
			buildConfigurationList = 5C477A002D5F97A40007A869 /* Build configuration list for PBXNativeTarget "FaceTest Watch App" */;
			buildPhases = (
				5C4779D62D5F97A30007A869 /* Sources */,
				5C4779D72D5F97A30007A869 /* Frameworks */,
				5C4779D82D5F97A30007A869 /* Resources */,
			);
			buildRules = (
			);
			dependencies = (
			);
			fileSystemSynchronizedGroups = (
				5C4779DE2D5F97A30007A869 /* FaceTest Watch App */,
			);
			name = "FaceTest Watch App";
			packageProductDependencies = (
			);
			productName = "FaceTest Watch App";
			productReference = 5C4779DA2D5F97A30007A869 /* FaceTest Watch App.app */;
			productType = "com.apple.product-type.application";
		};
		5C4779EB2D5F97A40007A869 /* FaceTest Watch AppTests */ = {
			isa = PBXNativeTarget;
			buildConfigurationList = 5C477A072D5F97A40007A869 /* Build configuration list for PBXNativeTarget "FaceTest Watch AppTests" */;
			buildPhases = (
				5C4779E82D5F97A40007A869 /* Sources */,
				5C4779E92D5F97A40007A869 /* Frameworks */,
				5C4779EA2D5F97A40007A869 /* Resources */,
			);
			buildRules = (
			);
			dependencies = (
				5C4779EE2D5F97A40007A869 /* PBXTargetDependency */,
			);
			fileSystemSynchronizedGroups = (
				5C4779EF2D5F97A40007A869 /* FaceTest Watch AppTests */,
			);
			name = "FaceTest Watch AppTests";
			packageProductDependencies = (
			);
			productName = "FaceTest Watch AppTests";
			productReference = 5C4779EC2D5F97A40007A869 /* FaceTest Watch AppTests.xctest */;
			productType = "com.apple.product-type.bundle.unit-test";
		};
		5C4779F52D5F97A40007A869 /* FaceTest Watch AppUITests */ = {
			isa = PBXNativeTarget;
			buildConfigurationList = 5C477A0A2D5F97A40007A869 /* Build configuration list for PBXNativeTarget "FaceTest Watch AppUITests" */;
			buildPhases = (
				5C4779F22D5F97A40007A869 /* Sources */,
				5C4779F32D5F97A40007A869 /* Frameworks */,
				5C4779F42D5F97A40007A869 /* Resources */,
			);
			buildRules = (
			);
			dependencies = (
				5C4779F82D5F97A40007A869 /* PBXTargetDependency */,
			);
			fileSystemSynchronizedGroups = (
				5C4779F92D5F97A40007A869 /* FaceTest Watch AppUITests */,
			);
			name = "FaceTest Watch AppUITests";
			packageProductDependencies = (
			);
			productName = "FaceTest Watch AppUITests";
			productReference = 5C4779F62D5F97A40007A869 /* FaceTest Watch AppUITests.xctest */;
			productType = "com.apple.product-type.bundle.ui-testing";
		};
/* End PBXNativeTarget section */

/* Begin PBXProject section */
		5C4779CE2D5F97A30007A869 /* Project object */ = {
			isa = PBXProject;
			attributes = {
				BuildIndependentTargetsInParallel = 1;
				LastSwiftUpdateCheck = 1620;
				LastUpgradeCheck = 1620;
				TargetAttributes = {
					5C4779D32D5F97A30007A869 = {
						CreatedOnToolsVersion = 16.2;
					};
					5C4779D92D5F97A30007A869 = {
						CreatedOnToolsVersion = 16.2;
					};
					5C4779EB2D5F97A40007A869 = {
						CreatedOnToolsVersion = 16.2;
						TestTargetID = 5C4779D92D5F97A30007A869;
					};
					5C4779F52D5F97A40007A869 = {
						CreatedOnToolsVersion = 16.2;
						TestTargetID = 5C4779D92D5F97A30007A869;
					};
				};
			};
			buildConfigurationList = 5C4779D12D5F97A30007A869 /* Build configuration list for PBXProject "FaceTest" */;
			developmentRegion = en;
			hasScannedForEncodings = 0;
			knownRegions = (
				en,
				Base,
			);
			mainGroup = 5C4779CD2D5F97A30007A869;
			minimizedProjectReferenceProxies = 1;
			preferredProjectObjectVersion = 77;
			productRefGroup = 5C4779D52D5F97A30007A869 /* Products */;
			projectDirPath = "";
			projectRoot = "";
			targets = (
				5C4779D32D5F97A30007A869 /* FaceTest */,
				5C4779D92D5F97A30007A869 /* FaceTest Watch App */,
				5C4779EB2D5F97A40007A869 /* FaceTest Watch AppTests */,
				5C4779F52D5F97A40007A869 /* FaceTest Watch AppUITests */,
			);
		};
/* End PBXProject section */

/* Begin PBXResourcesBuildPhase section */
		5C4779D22D5F97A30007A869 /* Resources */ = {
			isa = PBXResourcesBuildPhase;
			buildActionMask = 2147483647;
			files = (
			);
			runOnlyForDeploymentPostprocessing = 0;
		};
		5C4779D82D5F97A30007A869 /* Resources */ = {
			isa = PBXResourcesBuildPhase;
			buildActionMask = 2147483647;
			files = (
				5C9F7BE92D5FE88D0084C998 /* ReadMe.md in Resources */,
			);
			runOnlyForDeploymentPostprocessing = 0;
		};
		5C4779EA2D5F97A40007A869 /* Resources */ = {
			isa = PBXResourcesBuildPhase;
			buildActionMask = 2147483647;
			files = (
			);
			runOnlyForDeploymentPostprocessing = 0;
		};
		5C4779F42D5F97A40007A869 /* Resources */ = {
			isa = PBXResourcesBuildPhase;
			buildActionMask = 2147483647;
			files = (
			);
			runOnlyForDeploymentPostprocessing = 0;
		};
/* End PBXResourcesBuildPhase section */

/* Begin PBXSourcesBuildPhase section */
		5C4779D62D5F97A30007A869 /* Sources */ = {
			isa = PBXSourcesBuildPhase;
			buildActionMask = 2147483647;
			files = (
			);
			runOnlyForDeploymentPostprocessing = 0;
		};
		5C4779E82D5F97A40007A869 /* Sources */ = {
			isa = PBXSourcesBuildPhase;
			buildActionMask = 2147483647;
			files = (
			);
			runOnlyForDeploymentPostprocessing = 0;
		};
		5C4779F22D5F97A40007A869 /* Sources */ = {
			isa = PBXSourcesBuildPhase;
			buildActionMask = 2147483647;
			files = (
			);
			runOnlyForDeploymentPostprocessing = 0;
		};
/* End PBXSourcesBuildPhase section */

/* Begin PBXTargetDependency section */
		5C4779DD2D5F97A30007A869 /* PBXTargetDependency */ = {
			isa = PBXTargetDependency;
			target = 5C4779D92D5F97A30007A869 /* FaceTest Watch App */;
			targetProxy = 5C4779DC2D5F97A30007A869 /* PBXContainerItemProxy */;
		};
		5C4779EE2D5F97A40007A869 /* PBXTargetDependency */ = {
			isa = PBXTargetDependency;
			target = 5C4779D92D5F97A30007A869 /* FaceTest Watch App */;
			targetProxy = 5C4779ED2D5F97A40007A869 /* PBXContainerItemProxy */;
		};
		5C4779F82D5F97A40007A869 /* PBXTargetDependency */ = {
			isa = PBXTargetDependency;
			target = 5C4779D92D5F97A30007A869 /* FaceTest Watch App */;
			targetProxy = 5C4779F72D5F97A40007A869 /* PBXContainerItemProxy */;
		};
/* End PBXTargetDependency section */

/* Begin XCBuildConfiguration section */
		5C4779FE2D5F97A40007A869 /* Debug */ = {
			isa = XCBuildConfiguration;
			buildSettings = {
				ALWAYS_SEARCH_USER_PATHS = NO;
				ASSETCATALOG_COMPILER_GENERATE_SWIFT_ASSET_SYMBOL_EXTENSIONS = YES;
				CLANG_ANALYZER_NONNULL = YES;
				CLANG_ANALYZER_NUMBER_OBJECT_CONVERSION = YES_AGGRESSIVE;
				CLANG_CXX_LANGUAGE_STANDARD = "gnu++20";
				CLANG_ENABLE_MODULES = YES;
				CLANG_ENABLE_OBJC_ARC = YES;
				CLANG_ENABLE_OBJC_WEAK = YES;
				CLANG_WARN_BLOCK_CAPTURE_AUTORELEASING = YES;
				CLANG_WARN_BOOL_CONVERSION = YES;
				CLANG_WARN_COMMA = YES;
				CLANG_WARN_CONSTANT_CONVERSION = YES;
				CLANG_WARN_DEPRECATED_OBJC_IMPLEMENTATIONS = YES;
				CLANG_WARN_DIRECT_OBJC_ISA_USAGE = YES_ERROR;
				CLANG_WARN_DOCUMENTATION_COMMENTS = YES;
				CLANG_WARN_EMPTY_BODY = YES;
				CLANG_WARN_ENUM_CONVERSION = YES;
				CLANG_WARN_INFINITE_RECURSION = YES;
				CLANG_WARN_INT_CONVERSION = YES;
				CLANG_WARN_NON_LITERAL_NULL_CONVERSION = YES;
				CLANG_WARN_OBJC_IMPLICIT_RETAIN_SELF = YES;
				CLANG_WARN_OBJC_LITERAL_CONVERSION = YES;
				CLANG_WARN_OBJC_ROOT_CLASS = YES_ERROR;
				CLANG_WARN_QUOTED_INCLUDE_IN_FRAMEWORK_HEADER = YES;
				CLANG_WARN_RANGE_LOOP_ANALYSIS = YES;
				CLANG_WARN_STRICT_PROTOTYPES = YES;
				CLANG_WARN_SUSPICIOUS_MOVE = YES;
				CLANG_WARN_UNGUARDED_AVAILABILITY = YES_AGGRESSIVE;
				CLANG_WARN_UNREACHABLE_CODE = YES;
				CLANG_WARN__DUPLICATE_METHOD_MATCH = YES;
				COPY_PHASE_STRIP = NO;
				DEBUG_INFORMATION_FORMAT = dwarf;
				ENABLE_STRICT_OBJC_MSGSEND = YES;
				ENABLE_TESTABILITY = YES;
				ENABLE_USER_SCRIPT_SANDBOXING = YES;
				GCC_C_LANGUAGE_STANDARD = gnu17;
				GCC_DYNAMIC_NO_PIC = NO;
				GCC_NO_COMMON_BLOCKS = YES;
				GCC_OPTIMIZATION_LEVEL = 0;
				GCC_PREPROCESSOR_DEFINITIONS = (
					"DEBUG=1",
					"$(inherited)",
				);
				GCC_WARN_64_TO_32_BIT_CONVERSION = YES;
				GCC_WARN_ABOUT_RETURN_TYPE = YES_ERROR;
				GCC_WARN_UNDECLARED_SELECTOR = YES;
				GCC_WARN_UNINITIALIZED_AUTOS = YES_AGGRESSIVE;
				GCC_WARN_UNUSED_FUNCTION = YES;
				GCC_WARN_UNUSED_VARIABLE = YES;
				LOCALIZATION_PREFERS_STRING_CATALOGS = YES;
				MTL_ENABLE_DEBUG_INFO = INCLUDE_SOURCE;
				MTL_FAST_MATH = YES;
				ONLY_ACTIVE_ARCH = YES;
				SWIFT_ACTIVE_COMPILATION_CONDITIONS = "DEBUG $(inherited)";
				SWIFT_OPTIMIZATION_LEVEL = "-Onone";
			};
			name = Debug;
		};
		5C4779FF2D5F97A40007A869 /* Release */ = {
			isa = XCBuildConfiguration;
			buildSettings = {
				ALWAYS_SEARCH_USER_PATHS = NO;
				ASSETCATALOG_COMPILER_GENERATE_SWIFT_ASSET_SYMBOL_EXTENSIONS = YES;
				CLANG_ANALYZER_NONNULL = YES;
				CLANG_ANALYZER_NUMBER_OBJECT_CONVERSION = YES_AGGRESSIVE;
				CLANG_CXX_LANGUAGE_STANDARD = "gnu++20";
				CLANG_ENABLE_MODULES = YES;
				CLANG_ENABLE_OBJC_ARC = YES;
				CLANG_ENABLE_OBJC_WEAK = YES;
				CLANG_WARN_BLOCK_CAPTURE_AUTORELEASING = YES;
				CLANG_WARN_BOOL_CONVERSION = YES;
				CLANG_WARN_COMMA = YES;
				CLANG_WARN_CONSTANT_CONVERSION = YES;
				CLANG_WARN_DEPRECATED_OBJC_IMPLEMENTATIONS = YES;
				CLANG_WARN_DIRECT_OBJC_ISA_USAGE = YES_ERROR;
				CLANG_WARN_DOCUMENTATION_COMMENTS = YES;
				CLANG_WARN_EMPTY_BODY = YES;
				CLANG_WARN_ENUM_CONVERSION = YES;
				CLANG_WARN_INFINITE_RECURSION = YES;
				CLANG_WARN_INT_CONVERSION = YES;
				CLANG_WARN_NON_LITERAL_NULL_CONVERSION = YES;
				CLANG_WARN_OBJC_IMPLICIT_RETAIN_SELF = YES;
				CLANG_WARN_OBJC_LITERAL_CONVERSION = YES;
				CLANG_WARN_OBJC_ROOT_CLASS = YES_ERROR;
				CLANG_WARN_QUOTED_INCLUDE_IN_FRAMEWORK_HEADER = YES;
				CLANG_WARN_RANGE_LOOP_ANALYSIS = YES;
				CLANG_WARN_STRICT_PROTOTYPES = YES;
				CLANG_WARN_SUSPICIOUS_MOVE = YES;
				CLANG_WARN_UNGUARDED_AVAILABILITY = YES_AGGRESSIVE;
				CLANG_WARN_UNREACHABLE_CODE = YES;
				CLANG_WARN__DUPLICATE_METHOD_MATCH = YES;
				COPY_PHASE_STRIP = NO;
				DEBUG_INFORMATION_FORMAT = "dwarf-with-dsym";
				ENABLE_NS_ASSERTIONS = NO;
				ENABLE_STRICT_OBJC_MSGSEND = YES;
				ENABLE_USER_SCRIPT_SANDBOXING = YES;
				GCC_C_LANGUAGE_STANDARD = gnu17;
				GCC_NO_COMMON_BLOCKS = YES;
				GCC_WARN_64_TO_32_BIT_CONVERSION = YES;
				GCC_WARN_ABOUT_RETURN_TYPE = YES_ERROR;
				GCC_WARN_UNDECLARED_SELECTOR = YES;
				GCC_WARN_UNINITIALIZED_AUTOS = YES_AGGRESSIVE;
				GCC_WARN_UNUSED_FUNCTION = YES;
				GCC_WARN_UNUSED_VARIABLE = YES;
				LOCALIZATION_PREFERS_STRING_CATALOGS = YES;
				MTL_ENABLE_DEBUG_INFO = NO;
				MTL_FAST_MATH = YES;
				SWIFT_COMPILATION_MODE = wholemodule;
			};
			name = Release;
		};
		5C477A012D5F97A40007A869 /* Debug */ = {
			isa = XCBuildConfiguration;
			buildSettings = {
				ASSETCATALOG_COMPILER_APPICON_NAME = AppIcon;
				ASSETCATALOG_COMPILER_GLOBAL_ACCENT_COLOR_NAME = AccentColor;
				CODE_SIGN_STYLE = Automatic;
				CURRENT_PROJECT_VERSION = 1;
				DEVELOPMENT_ASSET_PATHS = "\"FaceTest Watch App/Preview Content\"";
				DEVELOPMENT_TEAM = T3NX6T826Z;
				ENABLE_PREVIEWS = YES;
				GENERATE_INFOPLIST_FILE = YES;
				INFOPLIST_KEY_CFBundleDisplayName = FaceTest;
				INFOPLIST_KEY_UISupportedInterfaceOrientations = "UIInterfaceOrientationPortrait UIInterfaceOrientationPortraitUpsideDown";
				INFOPLIST_KEY_WKWatchOnly = YES;
				LD_RUNPATH_SEARCH_PATHS = (
					"$(inherited)",
					"@executable_path/Frameworks",
				);
				MARKETING_VERSION = 1.0;
				PRODUCT_BUNDLE_IDENTIFIER = Flo.FaceTest.watchkitapp;
				PRODUCT_NAME = "$(TARGET_NAME)";
				SDKROOT = watchos;
				SKIP_INSTALL = YES;
				SWIFT_EMIT_LOC_STRINGS = YES;
				SWIFT_VERSION = 5.0;
				TARGETED_DEVICE_FAMILY = 4;
				WATCHOS_DEPLOYMENT_TARGET = 11.2;
			};
			name = Debug;
		};
		5C477A022D5F97A40007A869 /* Release */ = {
			isa = XCBuildConfiguration;
			buildSettings = {
				ASSETCATALOG_COMPILER_APPICON_NAME = AppIcon;
				ASSETCATALOG_COMPILER_GLOBAL_ACCENT_COLOR_NAME = AccentColor;
				CODE_SIGN_STYLE = Automatic;
				CURRENT_PROJECT_VERSION = 1;
				DEVELOPMENT_ASSET_PATHS = "\"FaceTest Watch App/Preview Content\"";
				DEVELOPMENT_TEAM = T3NX6T826Z;
				ENABLE_PREVIEWS = YES;
				GENERATE_INFOPLIST_FILE = YES;
				INFOPLIST_KEY_CFBundleDisplayName = FaceTest;
				INFOPLIST_KEY_UISupportedInterfaceOrientations = "UIInterfaceOrientationPortrait UIInterfaceOrientationPortraitUpsideDown";
				INFOPLIST_KEY_WKWatchOnly = YES;
				LD_RUNPATH_SEARCH_PATHS = (
					"$(inherited)",
					"@executable_path/Frameworks",
				);
				MARKETING_VERSION = 1.0;
				PRODUCT_BUNDLE_IDENTIFIER = Flo.FaceTest.watchkitapp;
				PRODUCT_NAME = "$(TARGET_NAME)";
				SDKROOT = watchos;
				SKIP_INSTALL = YES;
				SWIFT_EMIT_LOC_STRINGS = YES;
				SWIFT_VERSION = 5.0;
				TARGETED_DEVICE_FAMILY = 4;
				VALIDATE_PRODUCT = YES;
				WATCHOS_DEPLOYMENT_TARGET = 11.2;
			};
			name = Release;
		};
		5C477A052D5F97A40007A869 /* Debug */ = {
			isa = XCBuildConfiguration;
			buildSettings = {
				CODE_SIGN_STYLE = Automatic;
				CURRENT_PROJECT_VERSION = 1;
				DEVELOPMENT_TEAM = T3NX6T826Z;
				INFOPLIST_KEY_CFBundleDisplayName = FaceTest;
				MARKETING_VERSION = 1.0;
				PRODUCT_BUNDLE_IDENTIFIER = Flo.FaceTest;
				PRODUCT_NAME = "$(TARGET_NAME)";
				SDKROOT = iphoneos;
				SWIFT_VERSION = 5.0;
			};
			name = Debug;
		};
		5C477A062D5F97A40007A869 /* Release */ = {
			isa = XCBuildConfiguration;
			buildSettings = {
				CODE_SIGN_STYLE = Automatic;
				CURRENT_PROJECT_VERSION = 1;
				DEVELOPMENT_TEAM = T3NX6T826Z;
				INFOPLIST_KEY_CFBundleDisplayName = FaceTest;
				MARKETING_VERSION = 1.0;
				PRODUCT_BUNDLE_IDENTIFIER = Flo.FaceTest;
				PRODUCT_NAME = "$(TARGET_NAME)";
				SDKROOT = iphoneos;
				SWIFT_VERSION = 5.0;
				VALIDATE_PRODUCT = YES;
			};
			name = Release;
		};
		5C477A082D5F97A40007A869 /* Debug */ = {
			isa = XCBuildConfiguration;
			buildSettings = {
				BUNDLE_LOADER = "$(TEST_HOST)";
				CODE_SIGN_STYLE = Automatic;
				CURRENT_PROJECT_VERSION = 1;
				DEVELOPMENT_TEAM = T3NX6T826Z;
				GENERATE_INFOPLIST_FILE = YES;
				MARKETING_VERSION = 1.0;
				PRODUCT_BUNDLE_IDENTIFIER = "Flo.FaceTest-Watch-AppTests";
				PRODUCT_NAME = "$(TARGET_NAME)";
				SDKROOT = watchos;
				SWIFT_EMIT_LOC_STRINGS = NO;
				SWIFT_VERSION = 5.0;
				TARGETED_DEVICE_FAMILY = 4;
				TEST_HOST = "$(BUILT_PRODUCTS_DIR)/FaceTest Watch App.app/$(BUNDLE_EXECUTABLE_FOLDER_PATH)/FaceTest Watch App";
				WATCHOS_DEPLOYMENT_TARGET = 11.2;
			};
			name = Debug;
		};
		5C477A092D5F97A40007A869 /* Release */ = {
			isa = XCBuildConfiguration;
			buildSettings = {
				BUNDLE_LOADER = "$(TEST_HOST)";
				CODE_SIGN_STYLE = Automatic;
				CURRENT_PROJECT_VERSION = 1;
				DEVELOPMENT_TEAM = T3NX6T826Z;
				GENERATE_INFOPLIST_FILE = YES;
				MARKETING_VERSION = 1.0;
				PRODUCT_BUNDLE_IDENTIFIER = "Flo.FaceTest-Watch-AppTests";
				PRODUCT_NAME = "$(TARGET_NAME)";
				SDKROOT = watchos;
				SWIFT_EMIT_LOC_STRINGS = NO;
				SWIFT_VERSION = 5.0;
				TARGETED_DEVICE_FAMILY = 4;
				TEST_HOST = "$(BUILT_PRODUCTS_DIR)/FaceTest Watch App.app/$(BUNDLE_EXECUTABLE_FOLDER_PATH)/FaceTest Watch App";
				VALIDATE_PRODUCT = YES;
				WATCHOS_DEPLOYMENT_TARGET = 11.2;
			};
			name = Release;
		};
		5C477A0B2D5F97A40007A869 /* Debug */ = {
			isa = XCBuildConfiguration;
			buildSettings = {
				CODE_SIGN_STYLE = Automatic;
				CURRENT_PROJECT_VERSION = 1;
				DEVELOPMENT_TEAM = T3NX6T826Z;
				GENERATE_INFOPLIST_FILE = YES;
				MARKETING_VERSION = 1.0;
				PRODUCT_BUNDLE_IDENTIFIER = "Flo.FaceTest-Watch-AppUITests";
				PRODUCT_NAME = "$(TARGET_NAME)";
				SDKROOT = watchos;
				SWIFT_EMIT_LOC_STRINGS = NO;
				SWIFT_VERSION = 5.0;
				TARGETED_DEVICE_FAMILY = 4;
				TEST_TARGET_NAME = "FaceTest Watch App";
				WATCHOS_DEPLOYMENT_TARGET = 11.2;
			};
			name = Debug;
		};
		5C477A0C2D5F97A40007A869 /* Release */ = {
			isa = XCBuildConfiguration;
			buildSettings = {
				CODE_SIGN_STYLE = Automatic;
				CURRENT_PROJECT_VERSION = 1;
				DEVELOPMENT_TEAM = T3NX6T826Z;
				GENERATE_INFOPLIST_FILE = YES;
				MARKETING_VERSION = 1.0;
				PRODUCT_BUNDLE_IDENTIFIER = "Flo.FaceTest-Watch-AppUITests";
				PRODUCT_NAME = "$(TARGET_NAME)";
				SDKROOT = watchos;
				SWIFT_EMIT_LOC_STRINGS = NO;
				SWIFT_VERSION = 5.0;
				TARGETED_DEVICE_FAMILY = 4;
				TEST_TARGET_NAME = "FaceTest Watch App";
				VALIDATE_PRODUCT = YES;
				WATCHOS_DEPLOYMENT_TARGET = 11.2;
			};
			name = Release;
		};
/* End XCBuildConfiguration section */

/* Begin XCConfigurationList section */
		5C4779D12D5F97A30007A869 /* Build configuration list for PBXProject "FaceTest" */ = {
			isa = XCConfigurationList;
			buildConfigurations = (
				5C4779FE2D5F97A40007A869 /* Debug */,
				5C4779FF2D5F97A40007A869 /* Release */,
			);
			defaultConfigurationIsVisible = 0;
			defaultConfigurationName = Release;
		};
		5C477A002D5F97A40007A869 /* Build configuration list for PBXNativeTarget "FaceTest Watch App" */ = {
			isa = XCConfigurationList;
			buildConfigurations = (
				5C477A012D5F97A40007A869 /* Debug */,
				5C477A022D5F97A40007A869 /* Release */,
			);
			defaultConfigurationIsVisible = 0;
			defaultConfigurationName = Release;
		};
		5C477A042D5F97A40007A869 /* Build configuration list for PBXNativeTarget "FaceTest" */ = {
			isa = XCConfigurationList;
			buildConfigurations = (
				5C477A052D5F97A40007A869 /* Debug */,
				5C477A062D5F97A40007A869 /* Release */,
			);
			defaultConfigurationIsVisible = 0;
			defaultConfigurationName = Release;
		};
		5C477A072D5F97A40007A869 /* Build configuration list for PBXNativeTarget "FaceTest Watch AppTests" */ = {
			isa = XCConfigurationList;
			buildConfigurations = (
				5C477A082D5F97A40007A869 /* Debug */,
				5C477A092D5F97A40007A869 /* Release */,
			);
			defaultConfigurationIsVisible = 0;
			defaultConfigurationName = Release;
		};
		5C477A0A2D5F97A40007A869 /* Build configuration list for PBXNativeTarget "FaceTest Watch AppUITests" */ = {
			isa = XCConfigurationList;
			buildConfigurations = (
				5C477A0B2D5F97A40007A869 /* Debug */,
				5C477A0C2D5F97A40007A869 /* Release */,
			);
			defaultConfigurationIsVisible = 0;
			defaultConfigurationName = Release;
		};
/* End XCConfigurationList section */
	};
	rootObject = 5C4779CE2D5F97A30007A869 /* Project object */;
}
